
Microsoft Visual Studio Solution File, Format Version 12.00
# Visual Studio Version 17
VisualStudioVersion = 17.9.34723.18
MinimumVisualStudioVersion = 10.0.40219.1
Project("{FAE04EC0-301F-11D3-BF4B-00C04F79EFBC}") = "PREQIN.API", "PREQIN.API\PREQIN.API.csproj", "{0239949A-7855-41FD-B978-D4DB976DA287}"
EndProject
Global
	GlobalSection(SolutionConfigurationPlatforms) = preSolution
		Debug|Any CPU = Debug|Any CPU
		Release|Any CPU = Release|Any CPU
	EndGlobalSection
	GlobalSection(ProjectConfigurationPlatforms) = postSolution
		{0239949A-7855-41FD-B978-D4DB976DA287}.Debug|Any CPU.ActiveCfg = Debug|Any CPU
		{0239949A-7855-41FD-B978-D4DB976DA287}.Debug|Any CPU.Build.0 = Debug|Any CPU
		{0239949A-7855-41FD-B978-D4DB976DA287}.Release|Any CPU.ActiveCfg = Release|Any CPU
		{0239949A-7855-41FD-B978-D4DB976DA287}.Release|Any CPU.Build.0 = Release|Any CPU
	EndGlobalSection
	GlobalSection(SolutionProperties) = preSolution
		HideSolutionNode = FALSE
	EndGlobalSection
	GlobalSection(ExtensibilityGlobals) = postSolution
		SolutionGuid = {37D25A86-BB3B-46A6-952A-ED50081E42AB}
	EndGlobalSection
EndGlobal
